// !$*UTF8*$!
{
	archiveVersion = 1;
	classes = {
	};
	objectVersion = 46;
	objects = {

/* Begin PBXBuildFile section */
		181BF2871BA4E60D0006E39E /* HistoryAlbumViewController.swift in Sources */ = {isa = PBXBuildFile; fileRef = 181BF2861BA4E60D0006E39E /* HistoryAlbumViewController.swift */; };
		1843C6A11BA3FA65008F0FF4 /* HistoryObject.swift in Sources */ = {isa = PBXBuildFile; fileRef = 1843C6A01BA3FA65008F0FF4 /* HistoryObject.swift */; };
		184CEBA01BA4AE3300E790F7 /* TestTheButton.swift in Sources */ = {isa = PBXBuildFile; fileRef = 184CEB9F1BA4AE3300E790F7 /* TestTheButton.swift */; };
		18E3339B1BA527C1000C3CD0 /* Highlight Splash Screen.png in Resources */ = {isa = PBXBuildFile; fileRef = 18E3339A1BA527C1000C3CD0 /* Highlight Splash Screen.png */; };
		18E3339F1BA56D79000C3CD0 /* Highlight Splash Screen 1x.png in Resources */ = {isa = PBXBuildFile; fileRef = 18E3339C1BA56D79000C3CD0 /* Highlight Splash Screen 1x.png */; };
		18E333A01BA56D79000C3CD0 /* Highlight Splash Screen 2x.png in Resources */ = {isa = PBXBuildFile; fileRef = 18E3339D1BA56D79000C3CD0 /* Highlight Splash Screen 2x.png */; };
		18E333A11BA56D79000C3CD0 /* Highlight Splash Screen Iphone 5 2x.png in Resources */ = {isa = PBXBuildFile; fileRef = 18E3339E1BA56D79000C3CD0 /* Highlight Splash Screen Iphone 5 2x.png */; };
		18E333A31BA570B4000C3CD0 /* Highlight Splash Screen Retina HD 55.png in Resources */ = {isa = PBXBuildFile; fileRef = 18E333A21BA570B4000C3CD0 /* Highlight Splash Screen Retina HD 55.png */; };
		6443A54B1BA3F0780038513D /* tessdata in Resources */ = {isa = PBXBuildFile; fileRef = 6443A54A1BA3F0780038513D /* tessdata */; };
		645A3DA31BA50C9D00E8D46C /* transparent.png in Resources */ = {isa = PBXBuildFile; fileRef = 645A3DA21BA50C9D00E8D46C /* transparent.png */; };
		645A3DA51BA5120900E8D46C /* Highlight App Icon HiRes.png in Resources */ = {isa = PBXBuildFile; fileRef = 645A3DA41BA5120900E8D46C /* Highlight App Icon HiRes.png */; };
		645A3DAB1BA52EBB00E8D46C /* animation in Resources */ = {isa = PBXBuildFile; fileRef = 645A3DAA1BA52EBB00E8D46C /* animation */; };
		648C5A8B1BA40DBC0099F96B /* libz.dylib in Frameworks */ = {isa = PBXBuildFile; fileRef = 648C5A8A1BA40DBC0099F96B /* libz.dylib */; };
		648C5A8F1BA40E600099F96B /* libTesseractOCRiOS.a in Frameworks */ = {isa = PBXBuildFile; fileRef = 648C5A8E1BA40E600099F96B /* libTesseractOCRiOS.a */; };
		648C5A911BA40E740099F96B /* libPods.a in Frameworks */ = {isa = PBXBuildFile; fileRef = 648C5A901BA40E740099F96B /* libPods.a */; };
		649AF2491BA419BD004576A4 /* image_sample.jpg in Resources */ = {isa = PBXBuildFile; fileRef = 649AF2481BA419BD004576A4 /* image_sample.jpg */; };
		649AF24B1BA46525004576A4 /* image_sample_2.jpeg in Resources */ = {isa = PBXBuildFile; fileRef = 649AF24A1BA46525004576A4 /* image_sample_2.jpeg */; };
		649AF24D1BA471F0004576A4 /* GoogleBooksRemote.swift in Sources */ = {isa = PBXBuildFile; fileRef = 649AF24C1BA471F0004576A4 /* GoogleBooksRemote.swift */; };
		956FB2251BA46F4800AA5206 /* OverlayView.xib in Resources */ = {isa = PBXBuildFile; fileRef = 956FB2241BA46F4800AA5206 /* OverlayView.xib */; };
		957816D41BA542EB000EBFF0 /* HistoryViewController.swift in Sources */ = {isa = PBXBuildFile; fileRef = 957816D31BA542EB000EBFF0 /* HistoryViewController.swift */; };
		959900901BA3D63000CFBFB4 /* AppDelegate.swift in Sources */ = {isa = PBXBuildFile; fileRef = 9599008F1BA3D63000CFBFB4 /* AppDelegate.swift */; };
		959900921BA3D63000CFBFB4 /* ViewController.swift in Sources */ = {isa = PBXBuildFile; fileRef = 959900911BA3D63000CFBFB4 /* ViewController.swift */; };
		959900951BA3D63000CFBFB4 /* Main.storyboard in Resources */ = {isa = PBXBuildFile; fileRef = 959900931BA3D63000CFBFB4 /* Main.storyboard */; };
		959900971BA3D63000CFBFB4 /* Assets.xcassets in Resources */ = {isa = PBXBuildFile; fileRef = 959900961BA3D63000CFBFB4 /* Assets.xcassets */; };
/* End PBXBuildFile section */

/* Begin PBXContainerItemProxy section */
		959900A11BA3D63000CFBFB4 /* PBXContainerItemProxy */ = {
			isa = PBXContainerItemProxy;
			containerPortal = 959900841BA3D63000CFBFB4 /* Project object */;
			proxyType = 1;
			remoteGlobalIDString = 9599008B1BA3D63000CFBFB4;
			remoteInfo = "Cmd-F";
		};
/* End PBXContainerItemProxy section */

/* Begin PBXFileReference section */
		0E8916CE3204882FD4E094FD /* libPods.a */ = {isa = PBXFileReference; explicitFileType = archive.ar; includeInIndex = 0; path = libPods.a; sourceTree = BUILT_PRODUCTS_DIR; };
		1580302AEFF375B201AE0852 /* Pods.debug.xcconfig */ = {isa = PBXFileReference; includeInIndex = 1; lastKnownFileType = text.xcconfig; name = Pods.debug.xcconfig; path = "Pods/Target Support Files/Pods/Pods.debug.xcconfig"; sourceTree = "<group>"; };
		181BF2861BA4E60D0006E39E /* HistoryAlbumViewController.swift */ = {isa = PBXFileReference; fileEncoding = 4; lastKnownFileType = sourcecode.swift; path = HistoryAlbumViewController.swift; sourceTree = "<group>"; };
		1843C6A01BA3FA65008F0FF4 /* HistoryObject.swift */ = {isa = PBXFileReference; fileEncoding = 4; lastKnownFileType = sourcecode.swift; path = HistoryObject.swift; sourceTree = "<group>"; };
		184CEB9F1BA4AE3300E790F7 /* TestTheButton.swift */ = {isa = PBXFileReference; fileEncoding = 4; lastKnownFileType = sourcecode.swift; path = TestTheButton.swift; sourceTree = "<group>"; };
		18E3339A1BA527C1000C3CD0 /* Highlight Splash Screen.png */ = {isa = PBXFileReference; lastKnownFileType = image.png; name = "Highlight Splash Screen.png"; path = "../Highlight Splash Screen.png"; sourceTree = "<group>"; };
		18E3339C1BA56D79000C3CD0 /* Highlight Splash Screen 1x.png */ = {isa = PBXFileReference; lastKnownFileType = image.png; path = "Highlight Splash Screen 1x.png"; sourceTree = "<group>"; };
		18E3339D1BA56D79000C3CD0 /* Highlight Splash Screen 2x.png */ = {isa = PBXFileReference; lastKnownFileType = image.png; path = "Highlight Splash Screen 2x.png"; sourceTree = "<group>"; };
		18E3339E1BA56D79000C3CD0 /* Highlight Splash Screen Iphone 5 2x.png */ = {isa = PBXFileReference; lastKnownFileType = image.png; path = "Highlight Splash Screen Iphone 5 2x.png"; sourceTree = "<group>"; };
		18E333A21BA570B4000C3CD0 /* Highlight Splash Screen Retina HD 55.png */ = {isa = PBXFileReference; lastKnownFileType = image.png; path = "Highlight Splash Screen Retina HD 55.png"; sourceTree = "<group>"; };
		18E728CB1BA49A4B00902637 /* Circular Button.h */ = {isa = PBXFileReference; lastKnownFileType = sourcecode.c.h; path = "Circular Button.h"; sourceTree = "<group>"; };
		6443A54A1BA3F0780038513D /* tessdata */ = {isa = PBXFileReference; lastKnownFileType = folder; path = tessdata; sourceTree = "<group>"; };
		645A3DA21BA50C9D00E8D46C /* transparent.png */ = {isa = PBXFileReference; lastKnownFileType = image.png; path = transparent.png; sourceTree = "<group>"; };
		645A3DA41BA5120900E8D46C /* Highlight App Icon HiRes.png */ = {isa = PBXFileReference; lastKnownFileType = image.png; path = "Highlight App Icon HiRes.png"; sourceTree = "<group>"; };
		645A3DAA1BA52EBB00E8D46C /* animation */ = {isa = PBXFileReference; lastKnownFileType = folder; path = animation; sourceTree = "<group>"; };
		648C5A8A1BA40DBC0099F96B /* libz.dylib */ = {isa = PBXFileReference; lastKnownFileType = "compiled.mach-o.dylib"; name = libz.dylib; path = usr/lib/libz.dylib; sourceTree = SDKROOT; };
		648C5A8C1BA40DC30099F96B /* libTesseractOCRiOS.a */ = {isa = PBXFileReference; lastKnownFileType = archive.ar; name = libTesseractOCRiOS.a; path = "Pods/../build/Debug-iphoneos/libTesseractOCRiOS.a"; sourceTree = "<group>"; };
		648C5A8E1BA40E600099F96B /* libTesseractOCRiOS.a */ = {isa = PBXFileReference; lastKnownFileType = archive.ar; name = libTesseractOCRiOS.a; path = "Pods/../build/Debug-iphoneos/libTesseractOCRiOS.a"; sourceTree = "<group>"; };
		648C5A901BA40E740099F96B /* libPods.a */ = {isa = PBXFileReference; lastKnownFileType = archive.ar; name = libPods.a; path = "Pods/../build/Debug-iphoneos/libPods.a"; sourceTree = "<group>"; };
		648C5A921BA40EB30099F96B /* TesseractBridgingHeader.h */ = {isa = PBXFileReference; fileEncoding = 4; lastKnownFileType = sourcecode.c.h; path = TesseractBridgingHeader.h; sourceTree = "<group>"; };
		649AF2481BA419BD004576A4 /* image_sample.jpg */ = {isa = PBXFileReference; lastKnownFileType = image.jpeg; path = image_sample.jpg; sourceTree = "<group>"; };
		649AF24A1BA46525004576A4 /* image_sample_2.jpeg */ = {isa = PBXFileReference; lastKnownFileType = image.jpeg; path = image_sample_2.jpeg; sourceTree = "<group>"; };
		649AF24C1BA471F0004576A4 /* GoogleBooksRemote.swift */ = {isa = PBXFileReference; fileEncoding = 4; lastKnownFileType = sourcecode.swift; path = GoogleBooksRemote.swift; sourceTree = "<group>"; };
		956FB2241BA46F4800AA5206 /* OverlayView.xib */ = {isa = PBXFileReference; fileEncoding = 4; lastKnownFileType = file.xib; path = OverlayView.xib; sourceTree = "<group>"; };
		957816D31BA542EB000EBFF0 /* HistoryViewController.swift */ = {isa = PBXFileReference; fileEncoding = 4; lastKnownFileType = sourcecode.swift; name = HistoryViewController.swift; path = ../HistoryViewController.swift; sourceTree = "<group>"; };
		9599008C1BA3D63000CFBFB4 /* Cmd-F.app */ = {isa = PBXFileReference; explicitFileType = wrapper.application; includeInIndex = 0; path = "Cmd-F.app"; sourceTree = BUILT_PRODUCTS_DIR; };
		9599008F1BA3D63000CFBFB4 /* AppDelegate.swift */ = {isa = PBXFileReference; lastKnownFileType = sourcecode.swift; path = AppDelegate.swift; sourceTree = "<group>"; };
		959900911BA3D63000CFBFB4 /* ViewController.swift */ = {isa = PBXFileReference; lastKnownFileType = sourcecode.swift; path = ViewController.swift; sourceTree = "<group>"; };
		959900941BA3D63000CFBFB4 /* Base */ = {isa = PBXFileReference; lastKnownFileType = file.storyboard; name = Base; path = Base.lproj/Main.storyboard; sourceTree = "<group>"; };
		959900961BA3D63000CFBFB4 /* Assets.xcassets */ = {isa = PBXFileReference; lastKnownFileType = folder.assetcatalog; path = Assets.xcassets; sourceTree = "<group>"; };
		9599009B1BA3D63000CFBFB4 /* Info.plist */ = {isa = PBXFileReference; lastKnownFileType = text.plist.xml; path = Info.plist; sourceTree = "<group>"; };
		959900A01BA3D63000CFBFB4 /* Cmd-FTests.xctest */ = {isa = PBXFileReference; explicitFileType = wrapper.cfbundle; includeInIndex = 0; path = "Cmd-FTests.xctest"; sourceTree = BUILT_PRODUCTS_DIR; };
		959900AF1BA3D63100CFBFB4 /* Cmd_FUITests.swift */ = {isa = PBXFileReference; lastKnownFileType = sourcecode.swift; path = Cmd_FUITests.swift; sourceTree = "<group>"; };
		959900B11BA3D63100CFBFB4 /* Info.plist */ = {isa = PBXFileReference; lastKnownFileType = text.plist.xml; path = Info.plist; sourceTree = "<group>"; };
		A3B65CB029C23BAF487987F9 /* Pods.release.xcconfig */ = {isa = PBXFileReference; includeInIndex = 1; lastKnownFileType = text.xcconfig; name = Pods.release.xcconfig; path = "Pods/Target Support Files/Pods/Pods.release.xcconfig"; sourceTree = "<group>"; };
/* End PBXFileReference section */

/* Begin PBXFrameworksBuildPhase section */
		959900891BA3D63000CFBFB4 /* Frameworks */ = {
			isa = PBXFrameworksBuildPhase;
			buildActionMask = 2147483647;
			files = (
				648C5A911BA40E740099F96B /* libPods.a in Frameworks */,
				648C5A8F1BA40E600099F96B /* libTesseractOCRiOS.a in Frameworks */,
				648C5A8B1BA40DBC0099F96B /* libz.dylib in Frameworks */,
			);
			runOnlyForDeploymentPostprocessing = 0;
		};
		9599009D1BA3D63000CFBFB4 /* Frameworks */ = {
			isa = PBXFrameworksBuildPhase;
			buildActionMask = 2147483647;
			files = (
			);
			runOnlyForDeploymentPostprocessing = 0;
		};
/* End PBXFrameworksBuildPhase section */

/* Begin PBXGroup section */
		47A36C5546B21505E0470A49 /* Frameworks */ = {
			isa = PBXGroup;
			children = (
				648C5A901BA40E740099F96B /* libPods.a */,
				648C5A8E1BA40E600099F96B /* libTesseractOCRiOS.a */,
				648C5A8C1BA40DC30099F96B /* libTesseractOCRiOS.a */,
				648C5A8A1BA40DBC0099F96B /* libz.dylib */,
				0E8916CE3204882FD4E094FD /* libPods.a */,
			);
			name = Frameworks;
			sourceTree = "<group>";
		};
		959900831BA3D63000CFBFB4 = {
			isa = PBXGroup;
			children = (
				9599008E1BA3D63000CFBFB4 /* Cmd-F */,
				959900AE1BA3D63100CFBFB4 /* Cmd-FUITests */,
				9599008D1BA3D63000CFBFB4 /* Products */,
				BB01D4C2636F9B766ADC403E /* Pods */,
				47A36C5546B21505E0470A49 /* Frameworks */,
			);
			sourceTree = "<group>";
		};
		9599008D1BA3D63000CFBFB4 /* Products */ = {
			isa = PBXGroup;
			children = (
				9599008C1BA3D63000CFBFB4 /* Cmd-F.app */,
				959900A01BA3D63000CFBFB4 /* Cmd-FTests.xctest */,
			);
			name = Products;
			sourceTree = "<group>";
		};
		9599008E1BA3D63000CFBFB4 /* Cmd-F */ = {
			isa = PBXGroup;
			children = (
				18E333A21BA570B4000C3CD0 /* Highlight Splash Screen Retina HD 55.png */,
				18E3339A1BA527C1000C3CD0 /* Highlight Splash Screen.png */,
				649AF24A1BA46525004576A4 /* image_sample_2.jpeg */,
				645A3DA21BA50C9D00E8D46C /* transparent.png */,
				18E3339C1BA56D79000C3CD0 /* Highlight Splash Screen 1x.png */,
				18E3339D1BA56D79000C3CD0 /* Highlight Splash Screen 2x.png */,
				18E3339E1BA56D79000C3CD0 /* Highlight Splash Screen Iphone 5 2x.png */,
				649AF2481BA419BD004576A4 /* image_sample.jpg */,
				645A3DA41BA5120900E8D46C /* Highlight App Icon HiRes.png */,
				645A3DAA1BA52EBB00E8D46C /* animation */,
				6443A54A1BA3F0780038513D /* tessdata */,
				9599008F1BA3D63000CFBFB4 /* AppDelegate.swift */,
				959900911BA3D63000CFBFB4 /* ViewController.swift */,
				181BF2861BA4E60D0006E39E /* HistoryAlbumViewController.swift */,
				649AF24C1BA471F0004576A4 /* GoogleBooksRemote.swift */,
				957816D31BA542EB000EBFF0 /* HistoryViewController.swift */,
				648C5A921BA40EB30099F96B /* TesseractBridgingHeader.h */,
				959900931BA3D63000CFBFB4 /* Main.storyboard */,
				184CEB9F1BA4AE3300E790F7 /* TestTheButton.swift */,
				18E728CB1BA49A4B00902637 /* Circular Button.h */,
				1843C6A01BA3FA65008F0FF4 /* HistoryObject.swift */,
				959900961BA3D63000CFBFB4 /* Assets.xcassets */,
				9599009B1BA3D63000CFBFB4 /* Info.plist */,
				956FB2241BA46F4800AA5206 /* OverlayView.xib */,
			);
			path = "Cmd-F";
			sourceTree = "<group>";
		};
		959900AE1BA3D63100CFBFB4 /* Cmd-FUITests */ = {
			isa = PBXGroup;
			children = (
				959900AF1BA3D63100CFBFB4 /* Cmd_FUITests.swift */,
				959900B11BA3D63100CFBFB4 /* Info.plist */,
			);
			path = "Cmd-FUITests";
			sourceTree = "<group>";
		};
		BB01D4C2636F9B766ADC403E /* Pods */ = {
			isa = PBXGroup;
			children = (
				1580302AEFF375B201AE0852 /* Pods.debug.xcconfig */,
				A3B65CB029C23BAF487987F9 /* Pods.release.xcconfig */,
			);
			name = Pods;
			sourceTree = "<group>";
		};
/* End PBXGroup section */

/* Begin PBXNativeTarget section */
		9599008B1BA3D63000CFBFB4 /* Cmd-F */ = {
			isa = PBXNativeTarget;
			buildConfigurationList = 959900B41BA3D63100CFBFB4 /* Build configuration list for PBXNativeTarget "Cmd-F" */;
			buildPhases = (
				959900881BA3D63000CFBFB4 /* Sources */,
				959900891BA3D63000CFBFB4 /* Frameworks */,
				9599008A1BA3D63000CFBFB4 /* Resources */,
			);
			buildRules = (
			);
			dependencies = (
			);
			name = "Cmd-F";
			productName = "Cmd-F";
			productReference = 9599008C1BA3D63000CFBFB4 /* Cmd-F.app */;
			productType = "com.apple.product-type.application";
		};
		9599009F1BA3D63000CFBFB4 /* Cmd-FTests */ = {
			isa = PBXNativeTarget;
			buildConfigurationList = 959900B71BA3D63100CFBFB4 /* Build configuration list for PBXNativeTarget "Cmd-FTests" */;
			buildPhases = (
				9599009C1BA3D63000CFBFB4 /* Sources */,
				9599009D1BA3D63000CFBFB4 /* Frameworks */,
				9599009E1BA3D63000CFBFB4 /* Resources */,
			);
			buildRules = (
			);
			dependencies = (
				959900A21BA3D63000CFBFB4 /* PBXTargetDependency */,
			);
			name = "Cmd-FTests";
			productName = "Cmd-FTests";
			productReference = 959900A01BA3D63000CFBFB4 /* Cmd-FTests.xctest */;
			productType = "com.apple.product-type.bundle.unit-test";
		};
/* End PBXNativeTarget section */

/* Begin PBXProject section */
		959900841BA3D63000CFBFB4 /* Project object */ = {
			isa = PBXProject;
			attributes = {
				LastSwiftUpdateCheck = 0700;
				LastUpgradeCheck = 0700;
				ORGANIZATIONNAME = MHackers;
				TargetAttributes = {
					9599008B1BA3D63000CFBFB4 = {
						CreatedOnToolsVersion = 7.0;
						DevelopmentTeam = H3XP3E955D;
					};
					9599009F1BA3D63000CFBFB4 = {
						CreatedOnToolsVersion = 7.0;
						DevelopmentTeam = H3XP3E955D;
						TestTargetID = 9599008B1BA3D63000CFBFB4;
					};
				};
			};
			buildConfigurationList = 959900871BA3D63000CFBFB4 /* Build configuration list for PBXProject "Cmd-F" */;
			compatibilityVersion = "Xcode 3.2";
			developmentRegion = English;
			hasScannedForEncodings = 0;
			knownRegions = (
				en,
				Base,
			);
			mainGroup = 959900831BA3D63000CFBFB4;
			productRefGroup = 9599008D1BA3D63000CFBFB4 /* Products */;
			projectDirPath = "";
			projectRoot = "";
			targets = (
				9599008B1BA3D63000CFBFB4 /* Cmd-F */,
				9599009F1BA3D63000CFBFB4 /* Cmd-FTests */,
			);
		};
/* End PBXProject section */

/* Begin PBXResourcesBuildPhase section */
		9599008A1BA3D63000CFBFB4 /* Resources */ = {
			isa = PBXResourcesBuildPhase;
			buildActionMask = 2147483647;
			files = (
				6443A54B1BA3F0780038513D /* tessdata in Resources */,
				956FB2251BA46F4800AA5206 /* OverlayView.xib in Resources */,
				18E333A11BA56D79000C3CD0 /* Highlight Splash Screen Iphone 5 2x.png in Resources */,
				18E333A01BA56D79000C3CD0 /* Highlight Splash Screen 2x.png in Resources */,
				645A3DAB1BA52EBB00E8D46C /* animation in Resources */,
				645A3DA31BA50C9D00E8D46C /* transparent.png in Resources */,
				18E3339F1BA56D79000C3CD0 /* Highlight Splash Screen 1x.png in Resources */,
				959900971BA3D63000CFBFB4 /* Assets.xcassets in Resources */,
				645A3DA51BA5120900E8D46C /* Highlight App Icon HiRes.png in Resources */,
				18E333A31BA570B4000C3CD0 /* Highlight Splash Screen Retina HD 55.png in Resources */,
				959900951BA3D63000CFBFB4 /* Main.storyboard in Resources */,
				649AF24B1BA46525004576A4 /* image_sample_2.jpeg in Resources */,
				18E3339B1BA527C1000C3CD0 /* Highlight Splash Screen.png in Resources */,
				649AF2491BA419BD004576A4 /* image_sample.jpg in Resources */,
			);
			runOnlyForDeploymentPostprocessing = 0;
		};
		9599009E1BA3D63000CFBFB4 /* Resources */ = {
			isa = PBXResourcesBuildPhase;
			buildActionMask = 2147483647;
			files = (
			);
			runOnlyForDeploymentPostprocessing = 0;
		};
/* End PBXResourcesBuildPhase section */

/* Begin PBXSourcesBuildPhase section */
		959900881BA3D63000CFBFB4 /* Sources */ = {
			isa = PBXSourcesBuildPhase;
			buildActionMask = 2147483647;
			files = (
				649AF24D1BA471F0004576A4 /* GoogleBooksRemote.swift in Sources */,
				959900921BA3D63000CFBFB4 /* ViewController.swift in Sources */,
				184CEBA01BA4AE3300E790F7 /* TestTheButton.swift in Sources */,
				1843C6A11BA3FA65008F0FF4 /* HistoryObject.swift in Sources */,
				959900901BA3D63000CFBFB4 /* AppDelegate.swift in Sources */,
				957816D41BA542EB000EBFF0 /* HistoryViewController.swift in Sources */,
				181BF2871BA4E60D0006E39E /* HistoryAlbumViewController.swift in Sources */,
			);
			runOnlyForDeploymentPostprocessing = 0;
		};
		9599009C1BA3D63000CFBFB4 /* Sources */ = {
			isa = PBXSourcesBuildPhase;
			buildActionMask = 2147483647;
			files = (
			);
			runOnlyForDeploymentPostprocessing = 0;
		};
/* End PBXSourcesBuildPhase section */

/* Begin PBXTargetDependency section */
		959900A21BA3D63000CFBFB4 /* PBXTargetDependency */ = {
			isa = PBXTargetDependency;
			target = 9599008B1BA3D63000CFBFB4 /* Cmd-F */;
			targetProxy = 959900A11BA3D63000CFBFB4 /* PBXContainerItemProxy */;
		};
/* End PBXTargetDependency section */

/* Begin PBXVariantGroup section */
		959900931BA3D63000CFBFB4 /* Main.storyboard */ = {
			isa = PBXVariantGroup;
			children = (
				959900941BA3D63000CFBFB4 /* Base */,
			);
			name = Main.storyboard;
			sourceTree = "<group>";
		};
/* End PBXVariantGroup section */

/* Begin XCBuildConfiguration section */
		959900B21BA3D63100CFBFB4 /* Debug */ = {
			isa = XCBuildConfiguration;
			buildSettings = {
				ALWAYS_SEARCH_USER_PATHS = NO;
				CLANG_CXX_LANGUAGE_STANDARD = "gnu++0x";
				CLANG_CXX_LIBRARY = "libc++";
				CLANG_ENABLE_MODULES = YES;
				CLANG_ENABLE_OBJC_ARC = YES;
				CLANG_WARN_BOOL_CONVERSION = YES;
				CLANG_WARN_CONSTANT_CONVERSION = YES;
				CLANG_WARN_DIRECT_OBJC_ISA_USAGE = YES_ERROR;
				CLANG_WARN_EMPTY_BODY = YES;
				CLANG_WARN_ENUM_CONVERSION = YES;
				CLANG_WARN_INT_CONVERSION = YES;
				CLANG_WARN_OBJC_ROOT_CLASS = YES_ERROR;
				CLANG_WARN_UNREACHABLE_CODE = YES;
				CLANG_WARN__DUPLICATE_METHOD_MATCH = YES;
				CODE_SIGN_IDENTITY = "iPhone Developer: raphaelgontijolopes@gmail.com (55S7654347)";
				"CODE_SIGN_IDENTITY[sdk=iphoneos*]" = "iPhone Developer";
				COPY_PHASE_STRIP = NO;
				DEBUG_INFORMATION_FORMAT = dwarf;
				ENABLE_STRICT_OBJC_MSGSEND = YES;
				ENABLE_TESTABILITY = YES;
				GCC_C_LANGUAGE_STANDARD = gnu99;
				GCC_DYNAMIC_NO_PIC = NO;
				GCC_NO_COMMON_BLOCKS = YES;
				GCC_OPTIMIZATION_LEVEL = 0;
				GCC_PREPROCESSOR_DEFINITIONS = (
					"DEBUG=1",
					"$(inherited)",
				);
				GCC_WARN_64_TO_32_BIT_CONVERSION = YES;
				GCC_WARN_ABOUT_RETURN_TYPE = YES_ERROR;
				GCC_WARN_UNDECLARED_SELECTOR = YES;
				GCC_WARN_UNINITIALIZED_AUTOS = YES_AGGRESSIVE;
				GCC_WARN_UNUSED_FUNCTION = YES;
				GCC_WARN_UNUSED_VARIABLE = YES;
				IPHONEOS_DEPLOYMENT_TARGET = 9.0;
				MTL_ENABLE_DEBUG_INFO = YES;
				ONLY_ACTIVE_ARCH = YES;
				SDKROOT = iphoneos;
				SWIFT_OBJC_BRIDGING_HEADER = "Cmd-F/TesseractBridgingHeader.h";
				SWIFT_OPTIMIZATION_LEVEL = "-Onone";
				TARGETED_DEVICE_FAMILY = "1,2";
			};
			name = Debug;
		};
		959900B31BA3D63100CFBFB4 /* Release */ = {
			isa = XCBuildConfiguration;
			buildSettings = {
				ALWAYS_SEARCH_USER_PATHS = NO;
				CLANG_CXX_LANGUAGE_STANDARD = "gnu++0x";
				CLANG_CXX_LIBRARY = "libc++";
				CLANG_ENABLE_MODULES = YES;
				CLANG_ENABLE_OBJC_ARC = YES;
				CLANG_WARN_BOOL_CONVERSION = YES;
				CLANG_WARN_CONSTANT_CONVERSION = YES;
				CLANG_WARN_DIRECT_OBJC_ISA_USAGE = YES_ERROR;
				CLANG_WARN_EMPTY_BODY = YES;
				CLANG_WARN_ENUM_CONVERSION = YES;
				CLANG_WARN_INT_CONVERSION = YES;
				CLANG_WARN_OBJC_ROOT_CLASS = YES_ERROR;
				CLANG_WARN_UNREACHABLE_CODE = YES;
				CLANG_WARN__DUPLICATE_METHOD_MATCH = YES;
				CODE_SIGN_IDENTITY = "iPhone Developer: raphaelgontijolopes@gmail.com (55S7654347)";
				"CODE_SIGN_IDENTITY[sdk=iphoneos*]" = "iPhone Developer";
				COPY_PHASE_STRIP = NO;
				DEBUG_INFORMATION_FORMAT = "dwarf-with-dsym";
				ENABLE_NS_ASSERTIONS = NO;
				ENABLE_STRICT_OBJC_MSGSEND = YES;
				GCC_C_LANGUAGE_STANDARD = gnu99;
				GCC_NO_COMMON_BLOCKS = YES;
				GCC_WARN_64_TO_32_BIT_CONVERSION = YES;
				GCC_WARN_ABOUT_RETURN_TYPE = YES_ERROR;
				GCC_WARN_UNDECLARED_SELECTOR = YES;
				GCC_WARN_UNINITIALIZED_AUTOS = YES_AGGRESSIVE;
				GCC_WARN_UNUSED_FUNCTION = YES;
				GCC_WARN_UNUSED_VARIABLE = YES;
				IPHONEOS_DEPLOYMENT_TARGET = 9.0;
				MTL_ENABLE_DEBUG_INFO = NO;
				SDKROOT = iphoneos;
				SWIFT_OBJC_BRIDGING_HEADER = "Cmd-F/TesseractBridgingHeader.h";
				TARGETED_DEVICE_FAMILY = "1,2";
				VALIDATE_PRODUCT = YES;
			};
			name = Release;
		};
		959900B51BA3D63100CFBFB4 /* Debug */ = {
			isa = XCBuildConfiguration;
			baseConfigurationReference = 1580302AEFF375B201AE0852 /* Pods.debug.xcconfig */;
			buildSettings = {
				ASSETCATALOG_COMPILER_APPICON_NAME = AppIcon;
				CODE_SIGN_IDENTITY = "iPhone Developer";
				"CODE_SIGN_IDENTITY[sdk=iphoneos*]" = "iPhone Developer";
				ENABLE_BITCODE = NO;
				FRAMEWORK_SEARCH_PATHS = (
					"$(inherited)",
					"$(PROJECT_DIR)/Cmd-F",
				);
				INFOPLIST_FILE = "Cmd-F/Info.plist";
				IPHONEOS_DEPLOYMENT_TARGET = 8.0;
				LD_RUNPATH_SEARCH_PATHS = "$(inherited) @executable_path/Frameworks";
				LIBRARY_SEARCH_PATHS = (
					"$(inherited)",
					"$(PROJECT_DIR)/build/Debug-iphoneos",
				);
				PRODUCT_BUNDLE_IDENTIFIER = MHackers.CmdF;
				PRODUCT_NAME = "$(TARGET_NAME)";
				PROVISIONING_PROFILE = "";
			};
			name = Debug;
		};
		959900B61BA3D63100CFBFB4 /* Release */ = {
			isa = XCBuildConfiguration;
			baseConfigurationReference = A3B65CB029C23BAF487987F9 /* Pods.release.xcconfig */;
			buildSettings = {
				ASSETCATALOG_COMPILER_APPICON_NAME = AppIcon;
				CODE_SIGN_IDENTITY = "iPhone Developer";
				"CODE_SIGN_IDENTITY[sdk=iphoneos*]" = "iPhone Developer";
				ENABLE_BITCODE = NO;
				FRAMEWORK_SEARCH_PATHS = (
					"$(inherited)",
					"$(PROJECT_DIR)/Cmd-F",
				);
				INFOPLIST_FILE = "Cmd-F/Info.plist";
				IPHONEOS_DEPLOYMENT_TARGET = 8.0;
				LD_RUNPATH_SEARCH_PATHS = "$(inherited) @executable_path/Frameworks";
				LIBRARY_SEARCH_PATHS = (
					"$(inherited)",
					"$(PROJECT_DIR)/build/Debug-iphoneos",
				);
				PRODUCT_BUNDLE_IDENTIFIER = MHackers.CmdF;
				PRODUCT_NAME = "$(TARGET_NAME)";
				PROVISIONING_PROFILE = "";
			};
			name = Release;
		};
		959900B81BA3D63100CFBFB4 /* Debug */ = {
			isa = XCBuildConfiguration;
			buildSettings = {
				BUNDLE_LOADER = "$(TEST_HOST)";
				INFOPLIST_FILE = "Cmd-FTests/Info.plist";
				LD_RUNPATH_SEARCH_PATHS = "$(inherited) @executable_path/Frameworks @loader_path/Frameworks";
				PRODUCT_BUNDLE_IDENTIFIER = "MHackers.Cmd-FTests";
				PRODUCT_NAME = "$(TARGET_NAME)";
				TEST_HOST = "$(BUILT_PRODUCTS_DIR)/Cmd-F.app/Cmd-F";
			};
			name = Debug;
		};
		959900B91BA3D63100CFBFB4 /* Release */ = {
			isa = XCBuildConfiguration;
			buildSettings = {
				BUNDLE_LOADER = "$(TEST_HOST)";
				INFOPLIST_FILE = "Cmd-FTests/Info.plist";
				LD_RUNPATH_SEARCH_PATHS = "$(inherited) @executable_path/Frameworks @loader_path/Frameworks";
				PRODUCT_BUNDLE_IDENTIFIER = "MHackers.Cmd-FTests";
				PRODUCT_NAME = "$(TARGET_NAME)";
				TEST_HOST = "$(BUILT_PRODUCTS_DIR)/Cmd-F.app/Cmd-F";
			};
			name = Release;
		};
/* End XCBuildConfiguration section */

/* Begin XCConfigurationList section */
		959900871BA3D63000CFBFB4 /* Build configuration list for PBXProject "Cmd-F" */ = {
			isa = XCConfigurationList;
			buildConfigurations = (
				959900B21BA3D63100CFBFB4 /* Debug */,
				959900B31BA3D63100CFBFB4 /* Release */,
			);
			defaultConfigurationIsVisible = 0;
			defaultConfigurationName = Release;
		};
		959900B41BA3D63100CFBFB4 /* Build configuration list for PBXNativeTarget "Cmd-F" */ = {
			isa = XCConfigurationList;
			buildConfigurations = (
				959900B51BA3D63100CFBFB4 /* Debug */,
				959900B61BA3D63100CFBFB4 /* Release */,
			);
			defaultConfigurationIsVisible = 0;
			defaultConfigurationName = Release;
		};
		959900B71BA3D63100CFBFB4 /* Build configuration list for PBXNativeTarget "Cmd-FTests" */ = {
			isa = XCConfigurationList;
			buildConfigurations = (
				959900B81BA3D63100CFBFB4 /* Debug */,
				959900B91BA3D63100CFBFB4 /* Release */,
			);
			defaultConfigurationIsVisible = 0;
			defaultConfigurationName = Release;
		};
/* End XCConfigurationList section */
	};
	rootObject = 959900841BA3D63000CFBFB4 /* Project object */;
}
